{
  "name": "node",
  "lockfileVersion": 3,
  "requires": true,
  "packages": {
    "": {
      "dependencies": {
        "perfect-cursors": "^1.0.5"
      }
    },
    "node_modules/@tldraw/vec": {
      "version": "1.9.2",
      "resolved": "https://registry.npmjs.org/@tldraw/vec/-/vec-1.9.2.tgz",
      "integrity": "sha512-k9vH52MRpJHjVcaahWu6VqvhLeE9h1qL5Z2gLobS9zTMpUJ59kBQPNo0VPzPlDYBpXdS4GxuB4jYQMnKvuPAZg=="
    },
    "node_modules/perfect-cursors": {
      "version": "1.0.5",
      "resolved": "https://registry.npmjs.org/perfect-cursors/-/perfect-cursors-1.0.5.tgz",
      "integrity": "sha512-LgQJj6QtF6VzYODurlhF9Ayt2liiadJZBocK98brcCC6D/dRtZlSU/r0mXWDoCdGPiO24oJB1+PZKz4p9hblWg==",
      "dependencies": {
        "@tldraw/vec": "^1.4.3"
      }
    }
  }
}
